// !$*UTF8*$!
{
	archiveVersion = 1;
	classes = {
	};
	objectVersion = 52;
	objects = {

/* Begin PBXBuildFile section */
		20DE08BA265F6C3200A302AB /* AppDelegate.swift in Sources */ = {isa = PBXBuildFile; fileRef = 20DE08B9265F6C3200A302AB /* AppDelegate.swift */; };
		20DE08BC265F6C3200A302AB /* SceneDelegate.swift in Sources */ = {isa = PBXBuildFile; fileRef = 20DE08BB265F6C3200A302AB /* SceneDelegate.swift */; };
		20DE08BE265F6C3200A302AB /* ViewController.swift in Sources */ = {isa = PBXBuildFile; fileRef = 20DE08BD265F6C3200A302AB /* ViewController.swift */; };
		20DE08C1265F6C3200A302AB /* Main.storyboard in Resources */ = {isa = PBXBuildFile; fileRef = 20DE08BF265F6C3200A302AB /* Main.storyboard */; };
		20DE08C3265F6C3500A302AB /* Assets.xcassets in Resources */ = {isa = PBXBuildFile; fileRef = 20DE08C2265F6C3500A302AB /* Assets.xcassets */; };
		20DE08C6265F6C3500A302AB /* LaunchScreen.storyboard in Resources */ = {isa = PBXBuildFile; fileRef = 20DE08C4265F6C3500A302AB /* LaunchScreen.storyboard */; };
		20DE08D1265F6C3600A302AB /* Navigation_ExplorationTests.swift in Sources */ = {isa = PBXBuildFile; fileRef = 20DE08D0265F6C3600A302AB /* Navigation_ExplorationTests.swift */; };
		20DE08DC265F6C3600A302AB /* Navigation_ExplorationUITests.swift in Sources */ = {isa = PBXBuildFile; fileRef = 20DE08DB265F6C3600A302AB /* Navigation_ExplorationUITests.swift */; };
		20DE08EF265F6D7000A302AB /* Swinject in Frameworks */ = {isa = PBXBuildFile; productRef = 20DE08EE265F6D7000A302AB /* Swinject */; };
/* End PBXBuildFile section */

/* Begin PBXContainerItemProxy section */
		20DE08CD265F6C3600A302AB /* PBXContainerItemProxy */ = {
			isa = PBXContainerItemProxy;
			containerPortal = 20DE08AE265F6C3200A302AB /* Project object */;
			proxyType = 1;
			remoteGlobalIDString = 20DE08B5265F6C3200A302AB;
			remoteInfo = "Navigation-Exploration";
		};
		20DE08D8265F6C3600A302AB /* PBXContainerItemProxy */ = {
			isa = PBXContainerItemProxy;
			containerPortal = 20DE08AE265F6C3200A302AB /* Project object */;
			proxyType = 1;
			remoteGlobalIDString = 20DE08B5265F6C3200A302AB;
			remoteInfo = "Navigation-Exploration";
		};
/* End PBXContainerItemProxy section */

/* Begin PBXFileReference section */
		20DE08B6265F6C3200A302AB /* Navigation-Exploration.app */ = {isa = PBXFileReference; explicitFileType = wrapper.application; includeInIndex = 0; path = "Navigation-Exploration.app"; sourceTree = BUILT_PRODUCTS_DIR; };
		20DE08B9265F6C3200A302AB /* AppDelegate.swift */ = {isa = PBXFileReference; lastKnownFileType = sourcecode.swift; path = AppDelegate.swift; sourceTree = "<group>"; };
		20DE08BB265F6C3200A302AB /* SceneDelegate.swift */ = {isa = PBXFileReference; lastKnownFileType = sourcecode.swift; path = SceneDelegate.swift; sourceTree = "<group>"; };
		20DE08BD265F6C3200A302AB /* ViewController.swift */ = {isa = PBXFileReference; lastKnownFileType = sourcecode.swift; path = ViewController.swift; sourceTree = "<group>"; };
		20DE08C0265F6C3200A302AB /* Base */ = {isa = PBXFileReference; lastKnownFileType = file.storyboard; name = Base; path = Base.lproj/Main.storyboard; sourceTree = "<group>"; };
		20DE08C2265F6C3500A302AB /* Assets.xcassets */ = {isa = PBXFileReference; lastKnownFileType = folder.assetcatalog; path = Assets.xcassets; sourceTree = "<group>"; };
		20DE08C5265F6C3500A302AB /* Base */ = {isa = PBXFileReference; lastKnownFileType = file.storyboard; name = Base; path = Base.lproj/LaunchScreen.storyboard; sourceTree = "<group>"; };
		20DE08C7265F6C3500A302AB /* Info.plist */ = {isa = PBXFileReference; lastKnownFileType = text.plist.xml; path = Info.plist; sourceTree = "<group>"; };
		20DE08CC265F6C3600A302AB /* Navigation-ExplorationTests.xctest */ = {isa = PBXFileReference; explicitFileType = wrapper.cfbundle; includeInIndex = 0; path = "Navigation-ExplorationTests.xctest"; sourceTree = BUILT_PRODUCTS_DIR; };
		20DE08D0265F6C3600A302AB /* Navigation_ExplorationTests.swift */ = {isa = PBXFileReference; lastKnownFileType = sourcecode.swift; path = Navigation_ExplorationTests.swift; sourceTree = "<group>"; };
		20DE08D2265F6C3600A302AB /* Info.plist */ = {isa = PBXFileReference; lastKnownFileType = text.plist.xml; path = Info.plist; sourceTree = "<group>"; };
		20DE08D7265F6C3600A302AB /* Navigation-ExplorationUITests.xctest */ = {isa = PBXFileReference; explicitFileType = wrapper.cfbundle; includeInIndex = 0; path = "Navigation-ExplorationUITests.xctest"; sourceTree = BUILT_PRODUCTS_DIR; };
		20DE08DB265F6C3600A302AB /* Navigation_ExplorationUITests.swift */ = {isa = PBXFileReference; lastKnownFileType = sourcecode.swift; path = Navigation_ExplorationUITests.swift; sourceTree = "<group>"; };
		20DE08DD265F6C3600A302AB /* Info.plist */ = {isa = PBXFileReference; lastKnownFileType = text.plist.xml; path = Info.plist; sourceTree = "<group>"; };
/* End PBXFileReference section */

/* Begin PBXFrameworksBuildPhase section */
		20DE08B3265F6C3200A302AB /* Frameworks */ = {
			isa = PBXFrameworksBuildPhase;
			buildActionMask = 2147483647;
			files = (
				20DE08EF265F6D7000A302AB /* Swinject in Frameworks */,
			);
			runOnlyForDeploymentPostprocessing = 0;
		};
		20DE08C9265F6C3600A302AB /* Frameworks */ = {
			isa = PBXFrameworksBuildPhase;
			buildActionMask = 2147483647;
			files = (
			);
			runOnlyForDeploymentPostprocessing = 0;
		};
		20DE08D4265F6C3600A302AB /* Frameworks */ = {
			isa = PBXFrameworksBuildPhase;
			buildActionMask = 2147483647;
			files = (
			);
			runOnlyForDeploymentPostprocessing = 0;
		};
/* End PBXFrameworksBuildPhase section */

/* Begin PBXGroup section */
		20DE08AD265F6C3200A302AB = {
			isa = PBXGroup;
			children = (
				20DE08EB265F6CA500A302AB /* Features */,
				20DE08B8265F6C3200A302AB /* Navigation-Exploration */,
				20DE08CF265F6C3600A302AB /* Navigation-ExplorationTests */,
				20DE08DA265F6C3600A302AB /* Navigation-ExplorationUITests */,
				20DE08B7265F6C3200A302AB /* Products */,
			);
			sourceTree = "<group>";
		};
		20DE08B7265F6C3200A302AB /* Products */ = {
			isa = PBXGroup;
			children = (
				20DE08B6265F6C3200A302AB /* Navigation-Exploration.app */,
				20DE08CC265F6C3600A302AB /* Navigation-ExplorationTests.xctest */,
				20DE08D7265F6C3600A302AB /* Navigation-ExplorationUITests.xctest */,
			);
			name = Products;
			sourceTree = "<group>";
		};
		20DE08B8265F6C3200A302AB /* Navigation-Exploration */ = {
			isa = PBXGroup;
			children = (
				20DE08B9265F6C3200A302AB /* AppDelegate.swift */,
				20DE08BB265F6C3200A302AB /* SceneDelegate.swift */,
				20DE08BD265F6C3200A302AB /* ViewController.swift */,
				20DE08BF265F6C3200A302AB /* Main.storyboard */,
				20DE08C2265F6C3500A302AB /* Assets.xcassets */,
				20DE08C4265F6C3500A302AB /* LaunchScreen.storyboard */,
				20DE08C7265F6C3500A302AB /* Info.plist */,
			);
			path = "Navigation-Exploration";
			sourceTree = "<group>";
		};
		20DE08CF265F6C3600A302AB /* Navigation-ExplorationTests */ = {
			isa = PBXGroup;
			children = (
				20DE08D0265F6C3600A302AB /* Navigation_ExplorationTests.swift */,
				20DE08D2265F6C3600A302AB /* Info.plist */,
			);
			path = "Navigation-ExplorationTests";
			sourceTree = "<group>";
		};
		20DE08DA265F6C3600A302AB /* Navigation-ExplorationUITests */ = {
			isa = PBXGroup;
			children = (
				20DE08DB265F6C3600A302AB /* Navigation_ExplorationUITests.swift */,
				20DE08DD265F6C3600A302AB /* Info.plist */,
			);
			path = "Navigation-ExplorationUITests";
			sourceTree = "<group>";
		};
		20DE08EB265F6CA500A302AB /* Features */ = {
			isa = PBXGroup;
			children = (
			);
			path = Features;
			sourceTree = "<group>";
		};
/* End PBXGroup section */

/* Begin PBXNativeTarget section */
		20DE08B5265F6C3200A302AB /* Navigation-Exploration */ = {
			isa = PBXNativeTarget;
			buildConfigurationList = 20DE08E0265F6C3600A302AB /* Build configuration list for PBXNativeTarget "Navigation-Exploration" */;
			buildPhases = (
				20DE08B2265F6C3200A302AB /* Sources */,
				20DE08B3265F6C3200A302AB /* Frameworks */,
				20DE08B4265F6C3200A302AB /* Resources */,
			);
			buildRules = (
			);
			dependencies = (
			);
			name = "Navigation-Exploration";
			packageProductDependencies = (
				20DE08EE265F6D7000A302AB /* Swinject */,
			);
			productName = "Navigation-Exploration";
			productReference = 20DE08B6265F6C3200A302AB /* Navigation-Exploration.app */;
			productType = "com.apple.product-type.application";
		};
		20DE08CB265F6C3600A302AB /* Navigation-ExplorationTests */ = {
			isa = PBXNativeTarget;
			buildConfigurationList = 20DE08E3265F6C3600A302AB /* Build configuration list for PBXNativeTarget "Navigation-ExplorationTests" */;
			buildPhases = (
				20DE08C8265F6C3600A302AB /* Sources */,
				20DE08C9265F6C3600A302AB /* Frameworks */,
				20DE08CA265F6C3600A302AB /* Resources */,
			);
			buildRules = (
			);
			dependencies = (
				20DE08CE265F6C3600A302AB /* PBXTargetDependency */,
			);
			name = "Navigation-ExplorationTests";
			productName = "Navigation-ExplorationTests";
			productReference = 20DE08CC265F6C3600A302AB /* Navigation-ExplorationTests.xctest */;
			productType = "com.apple.product-type.bundle.unit-test";
		};
		20DE08D6265F6C3600A302AB /* Navigation-ExplorationUITests */ = {
			isa = PBXNativeTarget;
			buildConfigurationList = 20DE08E6265F6C3600A302AB /* Build configuration list for PBXNativeTarget "Navigation-ExplorationUITests" */;
			buildPhases = (
				20DE08D3265F6C3600A302AB /* Sources */,
				20DE08D4265F6C3600A302AB /* Frameworks */,
				20DE08D5265F6C3600A302AB /* Resources */,
			);
			buildRules = (
			);
			dependencies = (
				20DE08D9265F6C3600A302AB /* PBXTargetDependency */,
			);
			name = "Navigation-ExplorationUITests";
			productName = "Navigation-ExplorationUITests";
			productReference = 20DE08D7265F6C3600A302AB /* Navigation-ExplorationUITests.xctest */;
			productType = "com.apple.product-type.bundle.ui-testing";
		};
/* End PBXNativeTarget section */

/* Begin PBXProject section */
		20DE08AE265F6C3200A302AB /* Project object */ = {
			isa = PBXProject;
			attributes = {
				LastSwiftUpdateCheck = 1250;
				LastUpgradeCheck = 1250;
				TargetAttributes = {
					20DE08B5265F6C3200A302AB = {
						CreatedOnToolsVersion = 12.5;
					};
					20DE08CB265F6C3600A302AB = {
						CreatedOnToolsVersion = 12.5;
						TestTargetID = 20DE08B5265F6C3200A302AB;
					};
					20DE08D6265F6C3600A302AB = {
						CreatedOnToolsVersion = 12.5;
						TestTargetID = 20DE08B5265F6C3200A302AB;
					};
				};
			};
			buildConfigurationList = 20DE08B1265F6C3200A302AB /* Build configuration list for PBXProject "Navigation-Exploration" */;
			compatibilityVersion = "Xcode 9.3";
			developmentRegion = en;
			hasScannedForEncodings = 0;
			knownRegions = (
				en,
				Base,
			);
			mainGroup = 20DE08AD265F6C3200A302AB;
			packageReferences = (
				20DE08ED265F6D7000A302AB /* XCRemoteSwiftPackageReference "Swinject" */,
			);
			productRefGroup = 20DE08B7265F6C3200A302AB /* Products */;
			projectDirPath = "";
			projectRoot = "";
			targets = (
				20DE08B5265F6C3200A302AB /* Navigation-Exploration */,
				20DE08CB265F6C3600A302AB /* Navigation-ExplorationTests */,
				20DE08D6265F6C3600A302AB /* Navigation-ExplorationUITests */,
			);
		};
/* End PBXProject section */

/* Begin PBXResourcesBuildPhase section */
		20DE08B4265F6C3200A302AB /* Resources */ = {
			isa = PBXResourcesBuildPhase;
			buildActionMask = 2147483647;
			files = (
				20DE08C6265F6C3500A302AB /* LaunchScreen.storyboard in Resources */,
				20DE08C3265F6C3500A302AB /* Assets.xcassets in Resources */,
				20DE08C1265F6C3200A302AB /* Main.storyboard in Resources */,
			);
			runOnlyForDeploymentPostprocessing = 0;
		};
		20DE08CA265F6C3600A302AB /* Resources */ = {
			isa = PBXResourcesBuildPhase;
			buildActionMask = 2147483647;
			files = (
			);
			runOnlyForDeploymentPostprocessing = 0;
		};
		20DE08D5265F6C3600A302AB /* Resources */ = {
			isa = PBXResourcesBuildPhase;
			buildActionMask = 2147483647;
			files = (
			);
			runOnlyForDeploymentPostprocessing = 0;
		};
/* End PBXResourcesBuildPhase section */

/* Begin PBXSourcesBuildPhase section */
		20DE08B2265F6C3200A302AB /* Sources */ = {
			isa = PBXSourcesBuildPhase;
			buildActionMask = 2147483647;
			files = (
				20DE08BE265F6C3200A302AB /* ViewController.swift in Sources */,
				20DE08BA265F6C3200A302AB /* AppDelegate.swift in Sources */,
				20DE08BC265F6C3200A302AB /* SceneDelegate.swift in Sources */,
			);
			runOnlyForDeploymentPostprocessing = 0;
		};
		20DE08C8265F6C3600A302AB /* Sources */ = {
			isa = PBXSourcesBuildPhase;
			buildActionMask = 2147483647;
			files = (
				20DE08D1265F6C3600A302AB /* Navigation_ExplorationTests.swift in Sources */,
			);
			runOnlyForDeploymentPostprocessing = 0;
		};
		20DE08D3265F6C3600A302AB /* Sources */ = {
			isa = PBXSourcesBuildPhase;
			buildActionMask = 2147483647;
			files = (
				20DE08DC265F6C3600A302AB /* Navigation_ExplorationUITests.swift in Sources */,
			);
			runOnlyForDeploymentPostprocessing = 0;
		};
/* End PBXSourcesBuildPhase section */

/* Begin PBXTargetDependency section */
		20DE08CE265F6C3600A302AB /* PBXTargetDependency */ = {
			isa = PBXTargetDependency;
			target = 20DE08B5265F6C3200A302AB /* Navigation-Exploration */;
			targetProxy = 20DE08CD265F6C3600A302AB /* PBXContainerItemProxy */;
		};
		20DE08D9265F6C3600A302AB /* PBXTargetDependency */ = {
			isa = PBXTargetDependency;
			target = 20DE08B5265F6C3200A302AB /* Navigation-Exploration */;
			targetProxy = 20DE08D8265F6C3600A302AB /* PBXContainerItemProxy */;
		};
/* End PBXTargetDependency section */

/* Begin PBXVariantGroup section */
		20DE08BF265F6C3200A302AB /* Main.storyboard */ = {
			isa = PBXVariantGroup;
			children = (
				20DE08C0265F6C3200A302AB /* Base */,
			);
			name = Main.storyboard;
			sourceTree = "<group>";
		};
		20DE08C4265F6C3500A302AB /* LaunchScreen.storyboard */ = {
			isa = PBXVariantGroup;
			children = (
				20DE08C5265F6C3500A302AB /* Base */,
			);
			name = LaunchScreen.storyboard;
			sourceTree = "<group>";
		};
/* End PBXVariantGroup section */

/* Begin XCBuildConfiguration section */
		20DE08DE265F6C3600A302AB /* Debug */ = {
			isa = XCBuildConfiguration;
			buildSettings = {
				ALWAYS_SEARCH_USER_PATHS = NO;
				CLANG_ANALYZER_NONNULL = YES;
				CLANG_ANALYZER_NUMBER_OBJECT_CONVERSION = YES_AGGRESSIVE;
				CLANG_CXX_LANGUAGE_STANDARD = "gnu++14";
				CLANG_CXX_LIBRARY = "libc++";
				CLANG_ENABLE_MODULES = YES;
				CLANG_ENABLE_OBJC_ARC = YES;
				CLANG_ENABLE_OBJC_WEAK = YES;
				CLANG_WARN_BLOCK_CAPTURE_AUTORELEASING = YES;
				CLANG_WARN_BOOL_CONVERSION = YES;
				CLANG_WARN_COMMA = YES;
				CLANG_WARN_CONSTANT_CONVERSION = YES;
				CLANG_WARN_DEPRECATED_OBJC_IMPLEMENTATIONS = YES;
				CLANG_WARN_DIRECT_OBJC_ISA_USAGE = YES_ERROR;
				CLANG_WARN_DOCUMENTATION_COMMENTS = YES;
				CLANG_WARN_EMPTY_BODY = YES;
				CLANG_WARN_ENUM_CONVERSION = YES;
				CLANG_WARN_INFINITE_RECURSION = YES;
				CLANG_WARN_INT_CONVERSION = YES;
				CLANG_WARN_NON_LITERAL_NULL_CONVERSION = YES;
				CLANG_WARN_OBJC_IMPLICIT_RETAIN_SELF = YES;
				CLANG_WARN_OBJC_LITERAL_CONVERSION = YES;
				CLANG_WARN_OBJC_ROOT_CLASS = YES_ERROR;
				CLANG_WARN_QUOTED_INCLUDE_IN_FRAMEWORK_HEADER = YES;
				CLANG_WARN_RANGE_LOOP_ANALYSIS = YES;
				CLANG_WARN_STRICT_PROTOTYPES = YES;
				CLANG_WARN_SUSPICIOUS_MOVE = YES;
				CLANG_WARN_UNGUARDED_AVAILABILITY = YES_AGGRESSIVE;
				CLANG_WARN_UNREACHABLE_CODE = YES;
				CLANG_WARN__DUPLICATE_METHOD_MATCH = YES;
				COPY_PHASE_STRIP = NO;
				DEBUG_INFORMATION_FORMAT = dwarf;
				ENABLE_STRICT_OBJC_MSGSEND = YES;
				ENABLE_TESTABILITY = YES;
				GCC_C_LANGUAGE_STANDARD = gnu11;
				GCC_DYNAMIC_NO_PIC = NO;
				GCC_NO_COMMON_BLOCKS = YES;
				GCC_OPTIMIZATION_LEVEL = 0;
				GCC_PREPROCESSOR_DEFINITIONS = (
					"DEBUG=1",
					"$(inherited)",
				);
				GCC_WARN_64_TO_32_BIT_CONVERSION = YES;
				GCC_WARN_ABOUT_RETURN_TYPE = YES_ERROR;
				GCC_WARN_UNDECLARED_SELECTOR = YES;
				GCC_WARN_UNINITIALIZED_AUTOS = YES_AGGRESSIVE;
				GCC_WARN_UNUSED_FUNCTION = YES;
				GCC_WARN_UNUSED_VARIABLE = YES;
				IPHONEOS_DEPLOYMENT_TARGET = 14.5;
				MTL_ENABLE_DEBUG_INFO = INCLUDE_SOURCE;
				MTL_FAST_MATH = YES;
				ONLY_ACTIVE_ARCH = YES;
				SDKROOT = iphoneos;
				SWIFT_ACTIVE_COMPILATION_CONDITIONS = DEBUG;
				SWIFT_OPTIMIZATION_LEVEL = "-Onone";
			};
			name = Debug;
		};
		20DE08DF265F6C3600A302AB /* Release */ = {
			isa = XCBuildConfiguration;
			buildSettings = {
				ALWAYS_SEARCH_USER_PATHS = NO;
				CLANG_ANALYZER_NONNULL = YES;
				CLANG_ANALYZER_NUMBER_OBJECT_CONVERSION = YES_AGGRESSIVE;
				CLANG_CXX_LANGUAGE_STANDARD = "gnu++14";
				CLANG_CXX_LIBRARY = "libc++";
				CLANG_ENABLE_MODULES = YES;
				CLANG_ENABLE_OBJC_ARC = YES;
				CLANG_ENABLE_OBJC_WEAK = YES;
				CLANG_WARN_BLOCK_CAPTURE_AUTORELEASING = YES;
				CLANG_WARN_BOOL_CONVERSION = YES;
				CLANG_WARN_COMMA = YES;
				CLANG_WARN_CONSTANT_CONVERSION = YES;
				CLANG_WARN_DEPRECATED_OBJC_IMPLEMENTATIONS = YES;
				CLANG_WARN_DIRECT_OBJC_ISA_USAGE = YES_ERROR;
				CLANG_WARN_DOCUMENTATION_COMMENTS = YES;
				CLANG_WARN_EMPTY_BODY = YES;
				CLANG_WARN_ENUM_CONVERSION = YES;
				CLANG_WARN_INFINITE_RECURSION = YES;
				CLANG_WARN_INT_CONVERSION = YES;
				CLANG_WARN_NON_LITERAL_NULL_CONVERSION = YES;
				CLANG_WARN_OBJC_IMPLICIT_RETAIN_SELF = YES;
				CLANG_WARN_OBJC_LITERAL_CONVERSION = YES;
				CLANG_WARN_OBJC_ROOT_CLASS = YES_ERROR;
				CLANG_WARN_QUOTED_INCLUDE_IN_FRAMEWORK_HEADER = YES;
				CLANG_WARN_RANGE_LOOP_ANALYSIS = YES;
				CLANG_WARN_STRICT_PROTOTYPES = YES;
				CLANG_WARN_SUSPICIOUS_MOVE = YES;
				CLANG_WARN_UNGUARDED_AVAILABILITY = YES_AGGRESSIVE;
				CLANG_WARN_UNREACHABLE_CODE = YES;
				CLANG_WARN__DUPLICATE_METHOD_MATCH = YES;
				COPY_PHASE_STRIP = NO;
				DEBUG_INFORMATION_FORMAT = "dwarf-with-dsym";
				ENABLE_NS_ASSERTIONS = NO;
				ENABLE_STRICT_OBJC_MSGSEND = YES;
				GCC_C_LANGUAGE_STANDARD = gnu11;
				GCC_NO_COMMON_BLOCKS = YES;
				GCC_WARN_64_TO_32_BIT_CONVERSION = YES;
				GCC_WARN_ABOUT_RETURN_TYPE = YES_ERROR;
				GCC_WARN_UNDECLARED_SELECTOR = YES;
				GCC_WARN_UNINITIALIZED_AUTOS = YES_AGGRESSIVE;
				GCC_WARN_UNUSED_FUNCTION = YES;
				GCC_WARN_UNUSED_VARIABLE = YES;
				IPHONEOS_DEPLOYMENT_TARGET = 14.5;
				MTL_ENABLE_DEBUG_INFO = NO;
				MTL_FAST_MATH = YES;
				SDKROOT = iphoneos;
				SWIFT_COMPILATION_MODE = wholemodule;
				SWIFT_OPTIMIZATION_LEVEL = "-O";
				VALIDATE_PRODUCT = YES;
			};
			name = Release;
		};
		20DE08E1265F6C3600A302AB /* Debug */ = {
			isa = XCBuildConfiguration;
			buildSettings = {
				ASSETCATALOG_COMPILER_APPICON_NAME = AppIcon;
				ASSETCATALOG_COMPILER_GLOBAL_ACCENT_COLOR_NAME = AccentColor;
				CODE_SIGN_STYLE = Automatic;
				DEVELOPMENT_TEAM = Q7BEAG244J;
				INFOPLIST_FILE = "Navigation-Exploration/Info.plist";
				LD_RUNPATH_SEARCH_PATHS = (
					"$(inherited)",
					"@executable_path/Frameworks",
				);
				PRODUCT_BUNDLE_IDENTIFIER = "com.mightystrong.Navigation-Exploration";
				PRODUCT_NAME = "$(TARGET_NAME)";
				SWIFT_VERSION = 5.0;
				TARGETED_DEVICE_FAMILY = "1,2";
			};
			name = Debug;
		};
		20DE08E2265F6C3600A302AB /* Release */ = {
			isa = XCBuildConfiguration;
			buildSettings = {
				ASSETCATALOG_COMPILER_APPICON_NAME = AppIcon;
				ASSETCATALOG_COMPILER_GLOBAL_ACCENT_COLOR_NAME = AccentColor;
				CODE_SIGN_STYLE = Automatic;
				DEVELOPMENT_TEAM = Q7BEAG244J;
				INFOPLIST_FILE = "Navigation-Exploration/Info.plist";
				LD_RUNPATH_SEARCH_PATHS = (
					"$(inherited)",
					"@executable_path/Frameworks",
				);
				PRODUCT_BUNDLE_IDENTIFIER = "com.mightystrong.Navigation-Exploration";
				PRODUCT_NAME = "$(TARGET_NAME)";
				SWIFT_VERSION = 5.0;
				TARGETED_DEVICE_FAMILY = "1,2";
			};
			name = Release;
		};
		20DE08E4265F6C3600A302AB /* Debug */ = {
			isa = XCBuildConfiguration;
			buildSettings = {
				ALWAYS_EMBED_SWIFT_STANDARD_LIBRARIES = YES;
				BUNDLE_LOADER = "$(TEST_HOST)";
				CODE_SIGN_STYLE = Automatic;
				DEVELOPMENT_TEAM = Q7BEAG244J;
				INFOPLIST_FILE = "Navigation-ExplorationTests/Info.plist";
				IPHONEOS_DEPLOYMENT_TARGET = 14.5;
				LD_RUNPATH_SEARCH_PATHS = (
					"$(inherited)",
					"@executable_path/Frameworks",
					"@loader_path/Frameworks",
				);
				PRODUCT_BUNDLE_IDENTIFIER = "com.mightystrong.Navigation-ExplorationTests";
				PRODUCT_NAME = "$(TARGET_NAME)";
				SWIFT_VERSION = 5.0;
				TARGETED_DEVICE_FAMILY = "1,2";
				TEST_HOST = "$(BUILT_PRODUCTS_DIR)/Navigation-Exploration.app/Navigation-Exploration";
			};
			name = Debug;
		};
		20DE08E5265F6C3600A302AB /* Release */ = {
			isa = XCBuildConfiguration;
			buildSettings = {
				ALWAYS_EMBED_SWIFT_STANDARD_LIBRARIES = YES;
				BUNDLE_LOADER = "$(TEST_HOST)";
				CODE_SIGN_STYLE = Automatic;
				DEVELOPMENT_TEAM = Q7BEAG244J;
				INFOPLIST_FILE = "Navigation-ExplorationTests/Info.plist";
				IPHONEOS_DEPLOYMENT_TARGET = 14.5;
				LD_RUNPATH_SEARCH_PATHS = (
					"$(inherited)",
					"@executable_path/Frameworks",
					"@loader_path/Frameworks",
				);
				PRODUCT_BUNDLE_IDENTIFIER = "com.mightystrong.Navigation-ExplorationTests";
				PRODUCT_NAME = "$(TARGET_NAME)";
				SWIFT_VERSION = 5.0;
				TARGETED_DEVICE_FAMILY = "1,2";
				TEST_HOST = "$(BUILT_PRODUCTS_DIR)/Navigation-Exploration.app/Navigation-Exploration";
			};
			name = Release;
		};
		20DE08E7265F6C3600A302AB /* Debug */ = {
			isa = XCBuildConfiguration;
			buildSettings = {
				ALWAYS_EMBED_SWIFT_STANDARD_LIBRARIES = YES;
				CODE_SIGN_STYLE = Automatic;
				DEVELOPMENT_TEAM = Q7BEAG244J;
				INFOPLIST_FILE = "Navigation-ExplorationUITests/Info.plist";
				LD_RUNPATH_SEARCH_PATHS = (
					"$(inherited)",
					"@executable_path/Frameworks",
					"@loader_path/Frameworks",
				);
				PRODUCT_BUNDLE_IDENTIFIER = "com.mightystrong.Navigation-ExplorationUITests";
				PRODUCT_NAME = "$(TARGET_NAME)";
				SWIFT_VERSION = 5.0;
				TARGETED_DEVICE_FAMILY = "1,2";
				TEST_TARGET_NAME = "Navigation-Exploration";
			};
			name = Debug;
		};
		20DE08E8265F6C3600A302AB /* Release */ = {
			isa = XCBuildConfiguration;
			buildSettings = {
				ALWAYS_EMBED_SWIFT_STANDARD_LIBRARIES = YES;
				CODE_SIGN_STYLE = Automatic;
				DEVELOPMENT_TEAM = Q7BEAG244J;
				INFOPLIST_FILE = "Navigation-ExplorationUITests/Info.plist";
				LD_RUNPATH_SEARCH_PATHS = (
					"$(inherited)",
					"@executable_path/Frameworks",
					"@loader_path/Frameworks",
				);
				PRODUCT_BUNDLE_IDENTIFIER = "com.mightystrong.Navigation-ExplorationUITests";
				PRODUCT_NAME = "$(TARGET_NAME)";
				SWIFT_VERSION = 5.0;
				TARGETED_DEVICE_FAMILY = "1,2";
				TEST_TARGET_NAME = "Navigation-Exploration";
			};
			name = Release;
		};
/* End XCBuildConfiguration section */

/* Begin XCConfigurationList section */
		20DE08B1265F6C3200A302AB /* Build configuration list for PBXProject "Navigation-Exploration" */ = {
			isa = XCConfigurationList;
			buildConfigurations = (
				20DE08DE265F6C3600A302AB /* Debug */,
				20DE08DF265F6C3600A302AB /* Release */,
			);
			defaultConfigurationIsVisible = 0;
			defaultConfigurationName = Release;
		};
		20DE08E0265F6C3600A302AB /* Build configuration list for PBXNativeTarget "Navigation-Exploration" */ = {
			isa = XCConfigurationList;
			buildConfigurations = (
				20DE08E1265F6C3600A302AB /* Debug */,
				20DE08E2265F6C3600A302AB /* Release */,
			);
			defaultConfigurationIsVisible = 0;
			defaultConfigurationName = Release;
		};
		20DE08E3265F6C3600A302AB /* Build configuration list for PBXNativeTarget "Navigation-ExplorationTests" */ = {
			isa = XCConfigurationList;
			buildConfigurations = (
				20DE08E4265F6C3600A302AB /* Debug */,
				20DE08E5265F6C3600A302AB /* Release */,
			);
			defaultConfigurationIsVisible = 0;
			defaultConfigurationName = Release;
		};
		20DE08E6265F6C3600A302AB /* Build configuration list for PBXNativeTarget "Navigation-ExplorationUITests" */ = {
			isa = XCConfigurationList;
			buildConfigurations = (
				20DE08E7265F6C3600A302AB /* Debug */,
				20DE08E8265F6C3600A302AB /* Release */,
			);
			defaultConfigurationIsVisible = 0;
			defaultConfigurationName = Release;
		};
/* End XCConfigurationList section */

/* Begin XCRemoteSwiftPackageReference section */
		20DE08ED265F6D7000A302AB /* XCRemoteSwiftPackageReference "Swinject" */ = {
			isa = XCRemoteSwiftPackageReference;
			repositoryURL = "https://github.com/Swinject/Swinject";
			requirement = {
				kind = upToNextMajorVersion;
				minimumVersion = 2.7.1;
			};
		};
/* End XCRemoteSwiftPackageReference section */

/* Begin XCSwiftPackageProductDependency section */
		20DE08EE265F6D7000A302AB /* Swinject */ = {
			isa = XCSwiftPackageProductDependency;
			package = 20DE08ED265F6D7000A302AB /* XCRemoteSwiftPackageReference "Swinject" */;
			productName = Swinject;
		};
/* End XCSwiftPackageProductDependency section */
	};
	rootObject = 20DE08AE265F6C3200A302AB /* Project object */;
}
